PODS:
  - arek (4.0.2):
    - arek/Bluetooth (= 4.0.2)
    - arek/Camera (= 4.0.2)
    - arek/CloudKit (= 4.0.2)
    - arek/Contacts (= 4.0.2)
    - arek/Core (= 4.0.2)
    - arek/Events (= 4.0.2)
    - arek/Health (= 4.0.2)
    - arek/Location (= 4.0.2)
    - arek/MediaLibrary (= 4.0.2)
    - arek/Microphone (= 4.0.2)
    - arek/Motion (= 4.0.2)
    - arek/Notifications (= 4.0.2)
    - arek/Photos (= 4.0.2)
    - arek/Reminders (= 4.0.2)
    - arek/SpeechRecognizer (= 4.0.2)
  - arek/Bluetooth (4.0.2):
    - arek/Core
  - arek/Camera (4.0.2):
    - arek/Core
  - arek/CloudKit (4.0.2):
    - arek/Core
  - arek/Contacts (4.0.2):
    - arek/Core
  - arek/Core (4.0.2)
  - arek/Events (4.0.2):
    - arek/Core
  - arek/Health (4.0.2):
    - arek/Core
  - arek/Location (4.0.2):
    - arek/Core
  - arek/MediaLibrary (4.0.2):
    - arek/Core
  - arek/Microphone (4.0.2):
    - arek/Core
  - arek/Motion (4.0.2):
    - arek/Core
  - arek/Notifications (4.0.2):
    - arek/Core
  - arek/Photos (4.0.2):
    - arek/Core
  - arek/Reminders (4.0.2):
    - arek/Core
  - arek/SpeechRecognizer (4.0.2):
    - arek/Core

DEPENDENCIES:
  - arek (from `../`)

EXTERNAL SOURCES:
  arek:
    :path: "../"

SPEC CHECKSUMS:
  arek: ca30c32f2b8aefaf4ced3dd1435049d3e37ad9b5

PODFILE CHECKSUM: 51391b981566b427912c687e0f5ba15813bf3aa4

COCOAPODS: 1.5.3
